PODS:
  - AFNetworking (3.0.0):
    - AFNetworking/NSURLSession (= 3.0.0)
    - AFNetworking/Reachability (= 3.0.0)
    - AFNetworking/Security (= 3.0.0)
    - AFNetworking/Serialization (= 3.0.0)
    - AFNetworking/UIKit (= 3.0.0)
  - "AFNetworking+RetryPolicy (1.0.4)":
    - AFNetworking (~> 3.0)
    - ObjcAssociatedObjectHelpers (= 2.0.1)
  - AFNetworking/NSURLSession (3.0.0):
    - AFNetworking/Reachability
    - AFNetworking/Security
    - AFNetworking/Serialization
  - AFNetworking/Reachability (3.0.0)
  - AFNetworking/Security (3.0.0)
  - AFNetworking/Serialization (3.0.0)
  - AFNetworking/UIKit (3.0.0):
    - AFNetworking/NSURLSession
  - Aspects (1.4.1)
  - BlocksKit (2.2.5):
    - BlocksKit/All (= 2.2.5)
  - BlocksKit/All (2.2.5):
    - BlocksKit/Core
    - BlocksKit/DynamicDelegate
    - BlocksKit/MessageUI
    - BlocksKit/UIKit
  - BlocksKit/Core (2.2.5)
  - BlocksKit/DynamicDelegate (2.2.5)
  - BlocksKit/MessageUI (2.2.5):
    - BlocksKit/Core
    - BlocksKit/DynamicDelegate
  - BlocksKit/UIKit (2.2.5):
    - BlocksKit/Core
    - BlocksKit/DynamicDelegate
  - DDPageControl (0.3.2)
  - FMDB (2.7.5):
    - FMDB/standard (= 2.7.5)
  - FMDB/standard (2.7.5)
  - JCore (1.2.2)
  - JLRoutes (1.6)
  - JPush (3.1.0):
    - JCore (~> 1.2.0)
  - M80AttributedLabel (1.6.3)
  - Masonry (1.1.0)
  - MBProgressHUD (0.9.2)
  - MJExtension (3.0.15.1)
  - MJRefresh (3.1.15.7)
  - MOBFoundation (3.1.9)
  - NIMSDK (5.6.0)
  - ObjcAssociatedObjectHelpers (2.0.1):
    - ObjcAssociatedObjectHelpers/Core (= 2.0.1)
    - "ObjcAssociatedObjectHelpers/NSObject+Dictionary (= 2.0.1)"
  - ObjcAssociatedObjectHelpers/Core (2.0.1)
  - "ObjcAssociatedObjectHelpers/NSObject+Dictionary (2.0.1)":
    - ObjcAssociatedObjectHelpers/Core
  - PYSearch (0.9.0)
  - Reachability (3.2)
  - SCIndexView (2.1.1)
  - SDCycleScrollView (1.75):
    - SDWebImage (>= 4.0.0)
  - SDWebImage (4.0.0):
    - SDWebImage/Core (= 4.0.0)
  - SDWebImage/Core (4.0.0)
  - ShareSDK3 (4.0.4):
    - MOBFoundation
    - ShareSDK3/ShareSDK (= 4.0.4)
  - ShareSDK3/ShareSDK (4.0.4):
    - MOBFoundation
  - ShareSDK3/ShareSDKUI (4.0.4):
    - MOBFoundation
  - SVProgressHUD (2.0.4)
  - Toast (3.1.0)
  - TZImagePickerController (1.9.8)
  - UICollectionViewLeftAlignedLayout (1.0.2)
  - UICountingLabel (1.4.1)
  - "UIViewController+KeyboardAnimation (1.3)"
  - UMengAnalytics-NO-IDFA (4.2.5)
  - WebViewJavascriptBridge (6.0.3)
  - WZLBadge (1.2.6)
  - YYText (1.0.7)
  - ZYCornerRadius (1.0.2)

DEPENDENCIES:
  - AFNetworking (= 3.0)
  - "AFNetworking+RetryPolicy"
  - Aspects
  - BlocksKit
  - DDPageControl
  - FMDB
  - JLRoutes (= 1.6)
  - JPush
  - M80AttributedLabel (~> 1.6.3)
  - Masonry
  - MBProgressHUD (= 0.9.2)
  - MJExtension
  - MJRefresh
  - NIMSDK
  - PYSearch
  - Reachability (~> 3.2)
  - SCIndexView
  - SDCycleScrollView
  - SDWebImage (~> 4.0.0)
  - ShareSDK3
  - ShareSDK3/ShareSDKUI
  - SVProgressHUD (~> 2.0.3)
  - Toast (~> 3.0)
  - TZImagePickerController (~> 1.9.0)
  - UICollectionViewLeftAlignedLayout
  - UICountingLabel
  - "UIViewController+KeyboardAnimation (~> 1.3)"
  - UMengAnalytics-NO-IDFA
  - WebViewJavascriptBridge
  - WZLBadge
  - YYText
  - ZYCornerRadius (~> 1.0.2)

SPEC REPOS:
  https://github.com/cocoapods/specs.git:
    - AFNetworking
    - "AFNetworking+RetryPolicy"
    - Aspects
    - BlocksKit
    - DDPageControl
    - FMDB
    - JCore
    - JLRoutes
    - JPush
    - M80AttributedLabel
    - Masonry
    - MBProgressHUD
    - MJExtension
    - MJRefresh
    - MOBFoundation
    - NIMSDK
    - ObjcAssociatedObjectHelpers
    - PYSearch
    - Reachability
    - SCIndexView
    - SDCycleScrollView
    - SDWebImage
    - ShareSDK3
    - SVProgressHUD
    - Toast
    - TZImagePickerController
    - UICollectionViewLeftAlignedLayout
    - UICountingLabel
    - "UIViewController+KeyboardAnimation"
    - UMengAnalytics-NO-IDFA
    - WebViewJavascriptBridge
    - WZLBadge
    - YYText
    - ZYCornerRadius

SPEC CHECKSUMS:
  AFNetworking: 932ff751f9d6fb1dad0b3af58b7e3ffba0a4e7fd
  "AFNetworking+RetryPolicy": 3c0e09e525b8bc74ec788e337b12ea97d952ef10
  Aspects: 7595ba96a6727a58ebcbfc954497fc5d2fdde546
  BlocksKit: 7f422b971407001178d181a43b99014ea2591fe6
  DDPageControl: 0649cdb188fb9045e7b80ba63c15e0a277fbdf5f
  FMDB: 2ce00b547f966261cd18927a3ddb07cb6f3db82a
  JCore: f14c0549968a63c22e246a4875aa9d428446f373
  JLRoutes: 435d791422e96c9b9b5e1c4db1aedb3ae1b1a08f
  JPush: 5921e25ad13e0386351079217b009f2039084eac
  M80AttributedLabel: d06543195d3e451d2ea62ad76d04aa9cea7661d4
  Masonry: 678fab65091a9290e40e2832a55e7ab731aad201
  MBProgressHUD: 1569cf7ace17a8bac47aabfbb8580a49690386d1
  MJExtension: 19bc33ce2eee2d319760f5622562cf581a6ff756
  MJRefresh: 697f8ec75ebdbe9207767bb682cf0f51b0d8a41f
  MOBFoundation: 11500153c10d83e4ac341f6ad6301b3998ce6db2
  NIMSDK: 7bc6a1e5f034a5f82747892bacc61ac305342620
  ObjcAssociatedObjectHelpers: 686c291f292c26a49b9b1fa7d58130a8d35d59d2
  PYSearch: 55175e6046e2e1b5236a90c780351988e914a015
  Reachability: 33e18b67625424e47b6cde6d202dce689ad7af96
  SCIndexView: b68cded2054ddf3000cdaa56f17627dfb1041c78
  SDCycleScrollView: 884b88f0266dd4708a0e1934975c69cb971707b1
  SDWebImage: 76a6348bdc74eb5a55dd08a091ef298e56b55e41
  ShareSDK3: 75b57bab0cbe3119e281c7668eaad9d48adf3fde
  SVProgressHUD: bfde85ed6c573ea802b9cb37894ed9b629034f1b
  Toast: 14a93686d6c8bfe2727afd342414e35660a8a1f3
  TZImagePickerController: 3b9413ae5d049b1fdc5b0c720ad283f35b679a50
  UICollectionViewLeftAlignedLayout: 830bf6fa5bab9f9b464f62e3384f9d2e00b3c0f6
  UICountingLabel: faf890b505d96312e324a86718f031fafffb0ccb
  "UIViewController+KeyboardAnimation": 4c6000b4a2e450a6105f007f96bb7142aebed220
  UMengAnalytics-NO-IDFA: 16666e32edce5be44ae5b14aaaa7f3582e09d6ab
  WebViewJavascriptBridge: 7f5bc4d3581e672e8f32bd0f812d54bc69bb8e29
  WZLBadge: 9ec779dcfd94c825518b395e8315fccaabff1bfa
  YYText: 5c461d709e24d55a182d1441c41dc639a18a4849
  ZYCornerRadius: f0af817be7805b5c63d793042ca7a03f81e14069

PODFILE CHECKSUM: c63ab74ba026a528ddd86b5486c63bdd94bae6f6

COCOAPODS: 1.5.3
